
Microsoft Visual Studio Solution File, Format Version 12.00
# Visual Studio 15
VisualStudioVersion = 15.0.26228.4
MinimumVisualStudioVersion = 10.0.40219.1
Project("{FAE04EC0-301F-11D3-BF4B-00C04F79EFBC}") = "AlfaDOCKvDriveSetup", "AlfaDOCKvDriveSetup\AlfaDOCKvDriveSetup.csproj", "{2E6C479B-CFEA-4193-9AA0-EC70EAF36525}"
EndProject
Project("{FAE04EC0-301F-11D3-BF4B-00C04F79EFBC}") = "AlfaDOCKvDrive", "AlfaDOCKvDrive\AlfaDOCKvDrive.csproj", "{858D9DAC-06B7-4416-95D2-16E3A6DA2B02}"
EndProject
Global
	GlobalSection(SolutionConfigurationPlatforms) = preSolution
		Debug|Any CPU = Debug|Any CPU
		Debug|x64 = Debug|x64
		Release|Any CPU = Release|Any CPU
		Release|x64 = Release|x64
	EndGlobalSection
	GlobalSection(ProjectConfigurationPlatforms) = postSolution
		{2E6C479B-CFEA-4193-9AA0-EC70EAF36525}.Debug|Any CPU.ActiveCfg = Debug|Any CPU
		{2E6C479B-CFEA-4193-9AA0-EC70EAF36525}.Debug|Any CPU.Build.0 = Debug|Any CPU
		{2E6C479B-CFEA-4193-9AA0-EC70EAF36525}.Debug|x64.ActiveCfg = Debug|x64
		{2E6C479B-CFEA-4193-9AA0-EC70EAF36525}.Debug|x64.Build.0 = Debug|x64
		{2E6C479B-CFEA-4193-9AA0-EC70EAF36525}.Release|Any CPU.ActiveCfg = Release|Any CPU
		{2E6C479B-CFEA-4193-9AA0-EC70EAF36525}.Release|Any CPU.Build.0 = Release|Any CPU
		{2E6C479B-CFEA-4193-9AA0-EC70EAF36525}.Release|x64.ActiveCfg = Release|x64
		{2E6C479B-CFEA-4193-9AA0-EC70EAF36525}.Release|x64.Build.0 = Release|x64
		{858D9DAC-06B7-4416-95D2-16E3A6DA2B02}.Debug|Any CPU.ActiveCfg = Debug|Any CPU
		{858D9DAC-06B7-4416-95D2-16E3A6DA2B02}.Debug|Any CPU.Build.0 = Debug|Any CPU
		{858D9DAC-06B7-4416-95D2-16E3A6DA2B02}.Debug|x64.ActiveCfg = Debug|x64
		{858D9DAC-06B7-4416-95D2-16E3A6DA2B02}.Debug|x64.Build.0 = Debug|x64
		{858D9DAC-06B7-4416-95D2-16E3A6DA2B02}.Release|Any CPU.ActiveCfg = Release|Any CPU
		{858D9DAC-06B7-4416-95D2-16E3A6DA2B02}.Release|Any CPU.Build.0 = Release|Any CPU
		{858D9DAC-06B7-4416-95D2-16E3A6DA2B02}.Release|x64.ActiveCfg = Release|x64
		{858D9DAC-06B7-4416-95D2-16E3A6DA2B02}.Release|x64.Build.0 = Release|x64
	EndGlobalSection
	GlobalSection(SolutionProperties) = preSolution
		HideSolutionNode = FALSE
	EndGlobalSection
EndGlobal
